
Microsoft Visual Studio Solution File, Format Version 12.00
# Visual Studio Version 17
VisualStudioVersion = 17.3.32811.315
MinimumVisualStudioVersion = 10.0.40219.1
Project("{FAE04EC0-301F-11D3-BF4B-00C04F79EFBC}") = "EncryptionViaExpansion", "EncryptionViaExpansion\EncryptionViaExpansion.csproj", "{F25E938D-ABDB-4CFB-B3BD-C79397D1FEDF}"
EndProject
Global
	GlobalSection(SolutionConfigurationPlatforms) = preSolution
		Debug|Any CPU = Debug|Any CPU
		Release|Any CPU = Release|Any CPU
	EndGlobalSection
	GlobalSection(ProjectConfigurationPlatforms) = postSolution
		{F25E938D-ABDB-4CFB-B3BD-C79397D1FEDF}.Debug|Any CPU.ActiveCfg = Debug|Any CPU
		{F25E938D-ABDB-4CFB-B3BD-C79397D1FEDF}.Debug|Any CPU.Build.0 = Debug|Any CPU
		{F25E938D-ABDB-4CFB-B3BD-C79397D1FEDF}.Release|Any CPU.ActiveCfg = Release|Any CPU
		{F25E938D-ABDB-4CFB-B3BD-C79397D1FEDF}.Release|Any CPU.Build.0 = Release|Any CPU
	EndGlobalSection
	GlobalSection(SolutionProperties) = preSolution
		HideSolutionNode = FALSE
	EndGlobalSection
	GlobalSection(ExtensibilityGlobals) = postSolution
		SolutionGuid = {CC50D819-C969-4386-A691-F447A2E713BC}
	EndGlobalSection
EndGlobal
